
Microsoft Visual Studio Solution File, Format Version 12.00
# Visual Studio Version 17
VisualStudioVersion = 17.9.34728.123
MinimumVisualStudioVersion = 10.0.40219.1
Project("{FAE04EC0-301F-11D3-BF4B-00C04F79EFBC}") = "LockBox", "LockBox\LockBox.csproj", "{4D7E0D5C-444C-49A5-A88D-1E44B4EC7391}"
EndProject
Global
	GlobalSection(SolutionConfigurationPlatforms) = preSolution
		Debug|Any CPU = Debug|Any CPU
		Release|Any CPU = Release|Any CPU
	EndGlobalSection
	GlobalSection(ProjectConfigurationPlatforms) = postSolution
		{4D7E0D5C-444C-49A5-A88D-1E44B4EC7391}.Debug|Any CPU.ActiveCfg = Debug|Any CPU
		{4D7E0D5C-444C-49A5-A88D-1E44B4EC7391}.Debug|Any CPU.Build.0 = Debug|Any CPU
		{4D7E0D5C-444C-49A5-A88D-1E44B4EC7391}.Release|Any CPU.ActiveCfg = Release|Any CPU
		{4D7E0D5C-444C-49A5-A88D-1E44B4EC7391}.Release|Any CPU.Build.0 = Release|Any CPU
	EndGlobalSection
	GlobalSection(SolutionProperties) = preSolution
		HideSolutionNode = FALSE
	EndGlobalSection
	GlobalSection(ExtensibilityGlobals) = postSolution
		SolutionGuid = {39D8010D-FB0F-4C7A-AA27-4356A59E740C}
	EndGlobalSection
EndGlobal
